
Microsoft Visual Studio Solution File, Format Version 12.00
# Visual Studio Version 17
VisualStudioVersion = 17.4.33213.308
MinimumVisualStudioVersion = 10.0.40219.1
Project("{FAE04EC0-301F-11D3-BF4B-00C04F79EFBC}") = "TrainBookingSystem", "TrainBookingSystem\TrainBookingSystem.csproj", "{C82666F2-69F9-43C3-B96F-D4FF337C6ABE}"
EndProject
Global
	GlobalSection(SolutionConfigurationPlatforms) = preSolution
		Debug|Any CPU = Debug|Any CPU
		Release|Any CPU = Release|Any CPU
	EndGlobalSection
	GlobalSection(ProjectConfigurationPlatforms) = postSolution
		{C82666F2-69F9-43C3-B96F-D4FF337C6ABE}.Debug|Any CPU.ActiveCfg = Debug|Any CPU
		{C82666F2-69F9-43C3-B96F-D4FF337C6ABE}.Debug|Any CPU.Build.0 = Debug|Any CPU
		{C82666F2-69F9-43C3-B96F-D4FF337C6ABE}.Release|Any CPU.ActiveCfg = Release|Any CPU
		{C82666F2-69F9-43C3-B96F-D4FF337C6ABE}.Release|Any CPU.Build.0 = Release|Any CPU
	EndGlobalSection
	GlobalSection(SolutionProperties) = preSolution
		HideSolutionNode = FALSE
	EndGlobalSection
	GlobalSection(ExtensibilityGlobals) = postSolution
		SolutionGuid = {FB654AED-C193-46E1-A71C-EAA06F14BED3}
	EndGlobalSection
EndGlobal
